{
    "requires": true,
    "lockfileVersion": 1,
    "dependencies": {
        "@popperjs/core": {
            "version": "2.9.1",
            "resolved": "https://registry.npmjs.org/@popperjs/core/-/core-2.9.1.tgz",
            "integrity": "sha512-DvJbbn3dUgMxDnJLH+RZQPnXak1h4ZVYQ7CWiFWjQwBFkVajT4rfw2PdpHLTSTwxrYfnoEXkuBiwkDm6tPMQeA=="
        }
    }
}
